{
  "nodes": {
    "cl-boundary-kit": {
      "flake": false,
      "locked": {
        "lastModified": 1784980104,
        "narHash": "sha256-TVaLVsz0/Sqp3Xlfzimbk31dEAupPyXtvVOG/+ER2co=",
        "owner": "nerima-lisp",
        "repo": "cl-boundary-kit",
        "rev": "472a38dfbd33792587b2b1f652c53256a189029f",
        "type": "github"
      },
      "original": {
        "owner": "nerima-lisp",
        "ref": "v0.6.0",
        "repo": "cl-boundary-kit",
        "type": "github"
      }
    },
    "cl-cli": {
      "inputs": {
        "cl-boundary-kit": "cl-boundary-kit",
        "cl-json-kit": "cl-json-kit",
        "cl-log-kit": "cl-log-kit",
        "cl-nix-forge": "cl-nix-forge",
        "cl-process-kit": "cl-process-kit",
        "cl-prolog": "cl-prolog",
        "cl-weave": "cl-weave",
        "nixpkgs": [
          "nixpkgs"
        ],
        "paredit-cli": "paredit-cli",
        "treefmt-nix": "treefmt-nix_3"
      },
      "locked": {
        "lastModified": 1785430385,
        "narHash": "sha256-L+LycSIHn1VHFNSqRowJq1Ty1mjHuQshwMswRjNFinY=",
        "owner": "nerima-lisp",
        "repo": "cl-cli",
        "rev": "7acdb810b9e15dbcfe4f10c018faaa2c0dfb9920",
        "type": "github"
      },
      "original": {
        "owner": "nerima-lisp",
        "ref": "v1.1.0",
        "repo": "cl-cli",
        "type": "github"
      }
    },
    "cl-json-kit": {
      "flake": false,
      "locked": {
        "lastModified": 1784983583,
        "narHash": "sha256-e2Y1Ajgtbqnv4xBCtTUdL0gCxlyJyNb3XQzyJsuyR0I=",
        "owner": "nerima-lisp",
        "repo": "cl-json-kit",
        "rev": "62a3164ab812badf7dcbf94f4b4e4eda2ecd5fb1",
        "type": "github"
      },
      "original": {
        "owner": "nerima-lisp",
        "ref": "v1.0.0",
        "repo": "cl-json-kit",
        "type": "github"
      }
    },
    "cl-log-kit": {
      "flake": false,
      "locked": {
        "lastModified": 1784998499,
        "narHash": "sha256-MY41YW9Lw2ZaB7cctcvl4vIXXGrsOF/tXPbl4mn3ix8=",
        "owner": "nerima-lisp",
        "repo": "cl-log-kit",
        "rev": "53d1d81309e446afc805e0fe081628089223248b",
        "type": "github"
      },
      "original": {
        "owner": "nerima-lisp",
        "ref": "v1.0.0",
        "repo": "cl-log-kit",
        "type": "github"
      }
    },
    "cl-nix-forge": {
      "inputs": {
        "nixpkgs": [
          "cl-cli",
          "nixpkgs"
        ],
        "treefmt-nix": "treefmt-nix"
      },
      "locked": {
        "lastModified": 1785347314,
        "narHash": "sha256-eSnOllc5L+DuP5TrPGPQUzMzfN8HA88x326EzZvo7V4=",
        "owner": "nerima-lisp",
        "repo": "cl-nix-forge",
        "rev": "53f26644d8cc40f5e677cedb00dd10ca5726d25a",
        "type": "github"
      },
      "original": {
        "owner": "nerima-lisp",
        "ref": "v0.4.0",
        "repo": "cl-nix-forge",
        "type": "github"
      }
    },
    "cl-nix-forge_2": {
      "inputs": {
        "nixpkgs": [
          "nixpkgs"
        ],
        "treefmt-nix": "treefmt-nix_4"
      },
      "locked": {
        "lastModified": 1785347314,
        "narHash": "sha256-eSnOllc5L+DuP5TrPGPQUzMzfN8HA88x326EzZvo7V4=",
        "owner": "nerima-lisp",
        "repo": "cl-nix-forge",
        "rev": "53f26644d8cc40f5e677cedb00dd10ca5726d25a",
        "type": "github"
      },
      "original": {
        "owner": "nerima-lisp",
        "ref": "v0.4.0",
        "repo": "cl-nix-forge",
        "type": "github"
      }
    },
    "cl-nix-forge_3": {
      "inputs": {
        "nixpkgs": [
          "cl-parser-kit",
          "nixpkgs"
        ],
        "treefmt-nix": "treefmt-nix_5"
      },
      "locked": {
        "lastModified": 1785347314,
        "narHash": "sha256-eSnOllc5L+DuP5TrPGPQUzMzfN8HA88x326EzZvo7V4=",
        "owner": "nerima-lisp",
        "repo": "cl-nix-forge",
        "rev": "53f26644d8cc40f5e677cedb00dd10ca5726d25a",
        "type": "github"
      },
      "original": {
        "owner": "nerima-lisp",
        "ref": "v0.4.0",
        "repo": "cl-nix-forge",
        "type": "github"
      }
    },
    "cl-nix-forge_4": {
      "inputs": {
        "nixpkgs": [
          "cl-parser-kit",
          "cl-weave",
          "nixpkgs"
        ],
        "treefmt-nix": "treefmt-nix_6"
      },
      "locked": {
        "lastModified": 1785343250,
        "narHash": "sha256-D270XDkMhwxKpS7M3hkmICogce5Ms0gi3miMJVGOoOo=",
        "owner": "nerima-lisp",
        "repo": "cl-nix-forge",
        "rev": "b028786a70d883e82ecc9f6b858ebc669daaec41",
        "type": "github"
      },
      "original": {
        "owner": "nerima-lisp",
        "ref": "v0.3.0",
        "repo": "cl-nix-forge",
        "type": "github"
      }
    },
    "cl-nix-forge_5": {
      "inputs": {
        "nixpkgs": [
          "cl-weave",
          "nixpkgs"
        ],
        "treefmt-nix": "treefmt-nix_9"
      },
      "locked": {
        "lastModified": 1785343250,
        "narHash": "sha256-D270XDkMhwxKpS7M3hkmICogce5Ms0gi3miMJVGOoOo=",
        "owner": "nerima-lisp",
        "repo": "cl-nix-forge",
        "rev": "b028786a70d883e82ecc9f6b858ebc669daaec41",
        "type": "github"
      },
      "original": {
        "owner": "nerima-lisp",
        "ref": "v0.3.0",
        "repo": "cl-nix-forge",
        "type": "github"
      }
    },
    "cl-parser-kit": {
      "inputs": {
        "cl-nix-forge": "cl-nix-forge_3",
        "cl-prolog": "cl-prolog_2",
        "cl-weave": "cl-weave_2",
        "nixpkgs": [
          "nixpkgs"
        ],
        "paredit-cli": "paredit-cli_2",
        "treefmt-nix": "treefmt-nix_8"
      },
      "locked": {
        "lastModified": 1785432385,
        "narHash": "sha256-K5Vq/Gx0do95ClSpunOCEE+9Xo7zFODus4dIxNvxB18=",
        "owner": "nerima-lisp",
        "repo": "cl-parser-kit",
        "rev": "3c8df58411b89e0da54b1c84b88e6b70b6b67e56",
        "type": "github"
      },
      "original": {
        "owner": "nerima-lisp",
        "ref": "v1.0.1",
        "repo": "cl-parser-kit",
        "type": "github"
      }
    },
    "cl-process-kit": {
      "flake": false,
      "locked": {
        "lastModified": 1785012035,
        "narHash": "sha256-6vy6K+ZUYt9zcu3IUSohRjYNT1jMX/xtXJX3CewsUpA=",
        "owner": "nerima-lisp",
        "repo": "cl-process-kit",
        "rev": "359d127e84d1e876e253419953253a34db033070",
        "type": "github"
      },
      "original": {
        "owner": "nerima-lisp",
        "ref": "v1.0.1",
        "repo": "cl-process-kit",
        "type": "github"
      }
    },
    "cl-prolog": {
      "flake": false,
      "locked": {
        "lastModified": 1785003722,
        "narHash": "sha256-cL5wNd5TDZEIFxvhbBGTFYZOL+YB+boUBPK0yRV66r8=",
        "owner": "nerima-lisp",
        "repo": "cl-prolog",
        "rev": "a1352cee259b5476193255f21d8e56630f9893a9",
        "type": "github"
      },
      "original": {
        "owner": "nerima-lisp",
        "ref": "v1.0.1",
        "repo": "cl-prolog",
        "type": "github"
      }
    },
    "cl-prolog_2": {
      "inputs": {
        "cl-weave": [
          "cl-parser-kit",
          "cl-weave"
        ],
        "nixpkgs": [
          "cl-parser-kit",
          "nixpkgs"
        ],
        "paredit-cli": [
          "cl-parser-kit",
          "paredit-cli"
        ],
        "treefmt-nix": [
          "cl-parser-kit",
          "treefmt-nix"
        ]
      },
      "locked": {
        "lastModified": 1785126375,
        "narHash": "sha256-ez+9cU0IjplXRrlhuBIDaBtBHAt5adRutBU27XecyCg=",
        "owner": "nerima-lisp",
        "repo": "cl-prolog",
        "rev": "5a78a575b5fcd27ac36c1623b602c9467e338ed5",
        "type": "github"
      },
      "original": {
        "owner": "nerima-lisp",
        "ref": "v1.1.0",
        "repo": "cl-prolog",
        "type": "github"
      }
    },
    "cl-weave": {
      "flake": false,
      "locked": {
        "lastModified": 1784975289,
        "narHash": "sha256-Je74eEojj79RuBQpVF8vSygjlSEhjnmMq8abgyB4sGc=",
        "owner": "nerima-lisp",
        "repo": "cl-weave",
        "rev": "41020b897003fc1e3097cd62643f83ee8334c3be",
        "type": "github"
      },
      "original": {
        "owner": "nerima-lisp",
        "ref": "v1.0.0",
        "repo": "cl-weave",
        "type": "github"
      }
    },
    "cl-weave_2": {
      "inputs": {
        "cl-nix-forge": "cl-nix-forge_4",
        "nixpkgs": [
          "cl-parser-kit",
          "nixpkgs"
        ],
        "paredit-cli": [
          "cl-parser-kit",
          "paredit-cli"
        ],
        "treefmt-nix": [
          "cl-parser-kit",
          "treefmt-nix"
        ]
      },
      "locked": {
        "lastModified": 1785376209,
        "narHash": "sha256-Grh5JozH3XA3yAbkm6HoWgSeVYRecfEj1GwmglehdNg=",
        "owner": "nerima-lisp",
        "repo": "cl-weave",
        "rev": "16a35617a3c3d173ce7b3d1bd63b77b6d85bbd70",
        "type": "github"
      },
      "original": {
        "owner": "nerima-lisp",
        "ref": "v1.1.0",
        "repo": "cl-weave",
        "type": "github"
      }
    },
    "cl-weave_3": {
      "inputs": {
        "cl-nix-forge": "cl-nix-forge_5",
        "nixpkgs": [
          "nixpkgs"
        ],
        "paredit-cli": "paredit-cli_3",
        "treefmt-nix": "treefmt-nix_11"
      },
      "locked": {
        "lastModified": 1785376209,
        "narHash": "sha256-Grh5JozH3XA3yAbkm6HoWgSeVYRecfEj1GwmglehdNg=",
        "owner": "nerima-lisp",
        "repo": "cl-weave",
        "rev": "16a35617a3c3d173ce7b3d1bd63b77b6d85bbd70",
        "type": "github"
      },
      "original": {
        "owner": "nerima-lisp",
        "ref": "v1.1.0",
        "repo": "cl-weave",
        "type": "github"
      }
    },
    "crane": {
      "locked": {
        "lastModified": 1784564969,
        "narHash": "sha256-TkTWNhJV/8Wk3czlbz4bwHZkFCaCHPsOy+oJe4PUiXg=",
        "owner": "ipetkov",
        "repo": "crane",
        "rev": "7930f6c291de6f83c257839d434592aa085f290a",
        "type": "github"
      },
      "original": {
        "owner": "ipetkov",
        "repo": "crane",
        "type": "github"
      }
    },
    "crane_2": {
      "locked": {
        "lastModified": 1784564969,
        "narHash": "sha256-TkTWNhJV/8Wk3czlbz4bwHZkFCaCHPsOy+oJe4PUiXg=",
        "owner": "ipetkov",
        "repo": "crane",
        "rev": "7930f6c291de6f83c257839d434592aa085f290a",
        "type": "github"
      },
      "original": {
        "owner": "ipetkov",
        "repo": "crane",
        "type": "github"
      }
    },
    "nixpkgs": {
      "locked": {
        "lastModified": 1784796856,
        "narHash": "sha256-wWFrV5/Qbm+lyt5x20E/bSbfJiGKMo4RCxZV8cl/WZI=",
        "owner": "NixOS",
        "repo": "nixpkgs",
        "rev": "e2587caef70cea85dd97d7daab492899902dbf5d",
        "type": "github"
      },
      "original": {
        "owner": "NixOS",
        "ref": "nixos-unstable",
        "repo": "nixpkgs",
        "type": "github"
      }
    },
    "paredit-cli": {
      "inputs": {
        "crane": "crane",
        "nixpkgs": [
          "cl-cli",
          "nixpkgs"
        ],
        "rust-overlay": "rust-overlay",
        "treefmt-nix": "treefmt-nix_2"
      },
      "locked": {
        "lastModified": 1785386902,
        "narHash": "sha256-UD8Nws8wpybWfqSUfuGykQHr2PldEU3ALFbHMVPQn8U=",
        "owner": "nerima-lisp",
        "repo": "paredit-cli",
        "rev": "f646e5549049e33260b5f3f02587056870656b86",
        "type": "github"
      },
      "original": {
        "owner": "nerima-lisp",
        "ref": "v1.3.0",
        "repo": "paredit-cli",
        "type": "github"
      }
    },
    "paredit-cli_2": {
      "inputs": {
        "crane": "crane_2",
        "nixpkgs": [
          "cl-parser-kit",
          "nixpkgs"
        ],
        "rust-overlay": "rust-overlay_2",
        "treefmt-nix": "treefmt-nix_7"
      },
      "locked": {
        "lastModified": 1785386902,
        "narHash": "sha256-UD8Nws8wpybWfqSUfuGykQHr2PldEU3ALFbHMVPQn8U=",
        "owner": "nerima-lisp",
        "repo": "paredit-cli",
        "rev": "f646e5549049e33260b5f3f02587056870656b86",
        "type": "github"
      },
      "original": {
        "owner": "nerima-lisp",
        "ref": "v1.3.0",
        "repo": "paredit-cli",
        "type": "github"
      }
    },
    "paredit-cli_3": {
      "inputs": {
        "nixpkgs": [
          "cl-weave",
          "nixpkgs"
        ],
        "rust-overlay": "rust-overlay_3",
        "treefmt-nix": "treefmt-nix_10"
      },
      "locked": {
        "lastModified": 1783796150,
        "narHash": "sha256-EiA9eOKIZ5mIPHUzINSg/lKxHNjm/ljn0BVWCFQHwDI=",
        "owner": "takeokunn",
        "repo": "paredit-cli",
        "rev": "335e3b8e7f737ed9afec5f166ab944e524d38059",
        "type": "github"
      },
      "original": {
        "owner": "takeokunn",
        "repo": "paredit-cli",
        "type": "github"
      }
    },
    "root": {
      "inputs": {
        "cl-cli": "cl-cli",
        "cl-nix-forge": "cl-nix-forge_2",
        "cl-parser-kit": "cl-parser-kit",
        "cl-weave": "cl-weave_3",
        "nixpkgs": "nixpkgs",
        "treefmt-nix": "treefmt-nix_12"
      }
    },
    "rust-overlay": {
      "inputs": {
        "nixpkgs": [
          "cl-cli",
          "paredit-cli",
          "nixpkgs"
        ]
      },
      "locked": {
        "lastModified": 1783663825,
        "narHash": "sha256-TTrNVoFdEw8j0Hn+shP1KAsimTmszTWBIIUliTaAuY0=",
        "owner": "oxalica",
        "repo": "rust-overlay",
        "rev": "072adf9b18936c1062c48123a9b77891d5968f2c",
        "type": "github"
      },
      "original": {
        "owner": "oxalica",
        "repo": "rust-overlay",
        "type": "github"
      }
    },
    "rust-overlay_2": {
      "inputs": {
        "nixpkgs": [
          "cl-parser-kit",
          "paredit-cli",
          "nixpkgs"
        ]
      },
      "locked": {
        "lastModified": 1783663825,
        "narHash": "sha256-TTrNVoFdEw8j0Hn+shP1KAsimTmszTWBIIUliTaAuY0=",
        "owner": "oxalica",
        "repo": "rust-overlay",
        "rev": "072adf9b18936c1062c48123a9b77891d5968f2c",
        "type": "github"
      },
      "original": {
        "owner": "oxalica",
        "repo": "rust-overlay",
        "type": "github"
      }
    },
    "rust-overlay_3": {
      "inputs": {
        "nixpkgs": [
          "cl-weave",
          "paredit-cli",
          "nixpkgs"
        ]
      },
      "locked": {
        "lastModified": 1783663825,
        "narHash": "sha256-TTrNVoFdEw8j0Hn+shP1KAsimTmszTWBIIUliTaAuY0=",
        "owner": "oxalica",
        "repo": "rust-overlay",
        "rev": "072adf9b18936c1062c48123a9b77891d5968f2c",
        "type": "github"
      },
      "original": {
        "owner": "oxalica",
        "repo": "rust-overlay",
        "type": "github"
      }
    },
    "treefmt-nix": {
      "inputs": {
        "nixpkgs": [
          "cl-cli",
          "cl-nix-forge",
          "nixpkgs"
        ]
      },
      "locked": {
        "lastModified": 1784369104,
        "narHash": "sha256-47cxbcZODibHv3rELFQ9vZly0vUNkND/atn/U7HLeb0=",
        "owner": "numtide",
        "repo": "treefmt-nix",
        "rev": "df3c0640565d04a0261253cdd89fce78ec50168a",
        "type": "github"
      },
      "original": {
        "owner": "numtide",
        "repo": "treefmt-nix",
        "type": "github"
      }
    },
    "treefmt-nix_10": {
      "inputs": {
        "nixpkgs": [
          "cl-weave",
          "paredit-cli",
          "nixpkgs"
        ]
      },
      "locked": {
        "lastModified": 1780220602,
        "narHash": "sha256-eynAfOmbmxJnkp7YewvCEbShNnnYJ9gLLqkzsYtBPeM=",
        "owner": "numtide",
        "repo": "treefmt-nix",
        "rev": "db947814a175b7ca6ded66e21383d938df01c227",
        "type": "github"
      },
      "original": {
        "owner": "numtide",
        "repo": "treefmt-nix",
        "type": "github"
      }
    },
    "treefmt-nix_11": {
      "inputs": {
        "nixpkgs": [
          "cl-weave",
          "nixpkgs"
        ]
      },
      "locked": {
        "lastModified": 1784369104,
        "narHash": "sha256-47cxbcZODibHv3rELFQ9vZly0vUNkND/atn/U7HLeb0=",
        "owner": "numtide",
        "repo": "treefmt-nix",
        "rev": "df3c0640565d04a0261253cdd89fce78ec50168a",
        "type": "github"
      },
      "original": {
        "owner": "numtide",
        "repo": "treefmt-nix",
        "type": "github"
      }
    },
    "treefmt-nix_12": {
      "inputs": {
        "nixpkgs": [
          "nixpkgs"
        ]
      },
      "locked": {
        "lastModified": 1784369104,
        "narHash": "sha256-47cxbcZODibHv3rELFQ9vZly0vUNkND/atn/U7HLeb0=",
        "owner": "numtide",
        "repo": "treefmt-nix",
        "rev": "df3c0640565d04a0261253cdd89fce78ec50168a",
        "type": "github"
      },
      "original": {
        "owner": "numtide",
        "repo": "treefmt-nix",
        "type": "github"
      }
    },
    "treefmt-nix_2": {
      "inputs": {
        "nixpkgs": [
          "cl-cli",
          "paredit-cli",
          "nixpkgs"
        ]
      },
      "locked": {
        "lastModified": 1780220602,
        "narHash": "sha256-eynAfOmbmxJnkp7YewvCEbShNnnYJ9gLLqkzsYtBPeM=",
        "owner": "numtide",
        "repo": "treefmt-nix",
        "rev": "db947814a175b7ca6ded66e21383d938df01c227",
        "type": "github"
      },
      "original": {
        "owner": "numtide",
        "repo": "treefmt-nix",
        "type": "github"
      }
    },
    "treefmt-nix_3": {
      "inputs": {
        "nixpkgs": [
          "cl-cli",
          "nixpkgs"
        ]
      },
      "locked": {
        "lastModified": 1784369104,
        "narHash": "sha256-47cxbcZODibHv3rELFQ9vZly0vUNkND/atn/U7HLeb0=",
        "owner": "numtide",
        "repo": "treefmt-nix",
        "rev": "df3c0640565d04a0261253cdd89fce78ec50168a",
        "type": "github"
      },
      "original": {
        "owner": "numtide",
        "repo": "treefmt-nix",
        "type": "github"
      }
    },
    "treefmt-nix_4": {
      "inputs": {
        "nixpkgs": [
          "cl-nix-forge",
          "nixpkgs"
        ]
      },
      "locked": {
        "lastModified": 1784369104,
        "narHash": "sha256-47cxbcZODibHv3rELFQ9vZly0vUNkND/atn/U7HLeb0=",
        "owner": "numtide",
        "repo": "treefmt-nix",
        "rev": "df3c0640565d04a0261253cdd89fce78ec50168a",
        "type": "github"
      },
      "original": {
        "owner": "numtide",
        "repo": "treefmt-nix",
        "type": "github"
      }
    },
    "treefmt-nix_5": {
      "inputs": {
        "nixpkgs": [
          "cl-parser-kit",
          "cl-nix-forge",
          "nixpkgs"
        ]
      },
      "locked": {
        "lastModified": 1784369104,
        "narHash": "sha256-47cxbcZODibHv3rELFQ9vZly0vUNkND/atn/U7HLeb0=",
        "owner": "numtide",
        "repo": "treefmt-nix",
        "rev": "df3c0640565d04a0261253cdd89fce78ec50168a",
        "type": "github"
      },
      "original": {
        "owner": "numtide",
        "repo": "treefmt-nix",
        "type": "github"
      }
    },
    "treefmt-nix_6": {
      "inputs": {
        "nixpkgs": [
          "cl-parser-kit",
          "cl-weave",
          "cl-nix-forge",
          "nixpkgs"
        ]
      },
      "locked": {
        "lastModified": 1784369104,
        "narHash": "sha256-47cxbcZODibHv3rELFQ9vZly0vUNkND/atn/U7HLeb0=",
        "owner": "numtide",
        "repo": "treefmt-nix",
        "rev": "df3c0640565d04a0261253cdd89fce78ec50168a",
        "type": "github"
      },
      "original": {
        "owner": "numtide",
        "repo": "treefmt-nix",
        "type": "github"
      }
    },
    "treefmt-nix_7": {
      "inputs": {
        "nixpkgs": [
          "cl-parser-kit",
          "paredit-cli",
          "nixpkgs"
        ]
      },
      "locked": {
        "lastModified": 1780220602,
        "narHash": "sha256-eynAfOmbmxJnkp7YewvCEbShNnnYJ9gLLqkzsYtBPeM=",
        "owner": "numtide",
        "repo": "treefmt-nix",
        "rev": "db947814a175b7ca6ded66e21383d938df01c227",
        "type": "github"
      },
      "original": {
        "owner": "numtide",
        "repo": "treefmt-nix",
        "type": "github"
      }
    },
    "treefmt-nix_8": {
      "inputs": {
        "nixpkgs": [
          "cl-parser-kit",
          "nixpkgs"
        ]
      },
      "locked": {
        "lastModified": 1784369104,
        "narHash": "sha256-47cxbcZODibHv3rELFQ9vZly0vUNkND/atn/U7HLeb0=",
        "owner": "numtide",
        "repo": "treefmt-nix",
        "rev": "df3c0640565d04a0261253cdd89fce78ec50168a",
        "type": "github"
      },
      "original": {
        "owner": "numtide",
        "repo": "treefmt-nix",
        "type": "github"
      }
    },
    "treefmt-nix_9": {
      "inputs": {
        "nixpkgs": [
          "cl-weave",
          "cl-nix-forge",
          "nixpkgs"
        ]
      },
      "locked": {
        "lastModified": 1784369104,
        "narHash": "sha256-47cxbcZODibHv3rELFQ9vZly0vUNkND/atn/U7HLeb0=",
        "owner": "numtide",
        "repo": "treefmt-nix",
        "rev": "df3c0640565d04a0261253cdd89fce78ec50168a",
        "type": "github"
      },
      "original": {
        "owner": "numtide",
        "repo": "treefmt-nix",
        "type": "github"
      }
    }
  },
  "root": "root",
  "version": 7
}
