{
  "nodes": {
    "cl-boundary-kit": {
      "flake": false,
      "locked": {
        "lastModified": 1785657708,
        "narHash": "sha256-DieHj+VkI/S98vflHzfLZgJgATJGePT7QS9ElQkpiGU=",
        "owner": "nerima-lisp",
        "repo": "cl-boundary-kit",
        "rev": "9d85a1530ae6b1be3a6e83173b1c7d7817e2d203",
        "type": "github"
      },
      "original": {
        "owner": "nerima-lisp",
        "ref": "v2.0.1",
        "repo": "cl-boundary-kit",
        "type": "github"
      }
    },
    "cl-cli": {
      "inputs": {
        "cl-boundary-kit": "cl-boundary-kit",
        "cl-codec-kit": "cl-codec-kit",
        "cl-concurrent-kit": "cl-concurrent-kit",
        "cl-date-kit": "cl-date-kit",
        "cl-host-kit": "cl-host-kit",
        "cl-json-kit": "cl-json-kit",
        "cl-log-kit": "cl-log-kit",
        "cl-nix-forge": "cl-nix-forge",
        "cl-process-kit": "cl-process-kit",
        "cl-prolog": "cl-prolog",
        "cl-weave": "cl-weave",
        "nixpkgs": [
          "nixpkgs"
        ],
        "paredit-cli": "paredit-cli",
        "treefmt-nix": "treefmt-nix_3"
      },
      "locked": {
        "lastModified": 1785672492,
        "narHash": "sha256-pbuOSMgY3t6jV//R4i4k0PuRxKOw6x6MOz6K0eRQZMQ=",
        "owner": "nerima-lisp",
        "repo": "cl-cli",
        "rev": "fec7686ea15b021757703f2fdad6bb18dbff422d",
        "type": "github"
      },
      "original": {
        "owner": "nerima-lisp",
        "ref": "v1.3.0",
        "repo": "cl-cli",
        "type": "github"
      }
    },
    "cl-codec-kit": {
      "flake": false,
      "locked": {
        "lastModified": 1785657119,
        "narHash": "sha256-73/PTRu9neWZNGC3L6bL7ltWt0CtORHNDS4zzf4uH2U=",
        "owner": "nerima-lisp",
        "repo": "cl-codec-kit",
        "rev": "8570a6c16dcc0bc0f4774749a0f9f1d0520696c2",
        "type": "github"
      },
      "original": {
        "owner": "nerima-lisp",
        "ref": "v0.4.0",
        "repo": "cl-codec-kit",
        "type": "github"
      }
    },
    "cl-concurrent-kit": {
      "flake": false,
      "locked": {
        "lastModified": 1785670933,
        "narHash": "sha256-2zO1b5EGw9QfqNTTTkk9apcdsIb0dnt71PB3nFy4UnM=",
        "owner": "nerima-lisp",
        "repo": "cl-concurrent-kit",
        "rev": "0d3bf10915c7b4b9f84674452aa0fc60bb09ea25",
        "type": "github"
      },
      "original": {
        "owner": "nerima-lisp",
        "ref": "v0.4.2",
        "repo": "cl-concurrent-kit",
        "type": "github"
      }
    },
    "cl-date-kit": {
      "flake": false,
      "locked": {
        "lastModified": 1785429368,
        "narHash": "sha256-gHRCkMGrq/ZBeNS6Stx8nvx5brNi5P1sRzzN4nGwwTo=",
        "owner": "nerima-lisp",
        "repo": "cl-date-kit",
        "rev": "b0d9cb2f978a0c1ccfd1450ec6c10a33a9b2c858",
        "type": "github"
      },
      "original": {
        "owner": "nerima-lisp",
        "ref": "v0.2.0",
        "repo": "cl-date-kit",
        "type": "github"
      }
    },
    "cl-host-kit": {
      "flake": false,
      "locked": {
        "lastModified": 1785662299,
        "narHash": "sha256-XzvvQ6MsRFYQNYe757mIbzSlBUy8l6Jv0aReFpuxPyo=",
        "owner": "nerima-lisp",
        "repo": "cl-host-kit",
        "rev": "7dc003d5ba176080796d775f6c8c4f75a5d56107",
        "type": "github"
      },
      "original": {
        "owner": "nerima-lisp",
        "ref": "v0.2.5",
        "repo": "cl-host-kit",
        "type": "github"
      }
    },
    "cl-json-kit": {
      "flake": false,
      "locked": {
        "lastModified": 1785654907,
        "narHash": "sha256-f9mh/oRlKmkEjx3x6sflSyofi9+ixAnCKrHO6xMpIgY=",
        "owner": "nerima-lisp",
        "repo": "cl-json-kit",
        "rev": "8fac6689685c03a9da18bf99db973278b2620cf7",
        "type": "github"
      },
      "original": {
        "owner": "nerima-lisp",
        "ref": "v1.0.2",
        "repo": "cl-json-kit",
        "type": "github"
      }
    },
    "cl-log-kit": {
      "flake": false,
      "locked": {
        "lastModified": 1785658987,
        "narHash": "sha256-O7Ja+BmbXQXYZs8/c1EaHyWK+NBkPWMR9NkGx+hLsAw=",
        "owner": "nerima-lisp",
        "repo": "cl-log-kit",
        "rev": "c4986211b742520663c39db7bdfabee8645969ff",
        "type": "github"
      },
      "original": {
        "owner": "nerima-lisp",
        "ref": "v2.0.1",
        "repo": "cl-log-kit",
        "type": "github"
      }
    },
    "cl-nix-forge": {
      "inputs": {
        "nixpkgs": [
          "cl-cli",
          "nixpkgs"
        ],
        "treefmt-nix": "treefmt-nix"
      },
      "locked": {
        "lastModified": 1785347314,
        "narHash": "sha256-eSnOllc5L+DuP5TrPGPQUzMzfN8HA88x326EzZvo7V4=",
        "owner": "nerima-lisp",
        "repo": "cl-nix-forge",
        "rev": "53f26644d8cc40f5e677cedb00dd10ca5726d25a",
        "type": "github"
      },
      "original": {
        "owner": "nerima-lisp",
        "ref": "v0.4.0",
        "repo": "cl-nix-forge",
        "type": "github"
      }
    },
    "cl-nix-forge_2": {
      "inputs": {
        "nixpkgs": [
          "nixpkgs"
        ],
        "treefmt-nix": "treefmt-nix_4"
      },
      "locked": {
        "lastModified": 1785347314,
        "narHash": "sha256-eSnOllc5L+DuP5TrPGPQUzMzfN8HA88x326EzZvo7V4=",
        "owner": "nerima-lisp",
        "repo": "cl-nix-forge",
        "rev": "53f26644d8cc40f5e677cedb00dd10ca5726d25a",
        "type": "github"
      },
      "original": {
        "owner": "nerima-lisp",
        "ref": "v0.4.0",
        "repo": "cl-nix-forge",
        "type": "github"
      }
    },
    "cl-nix-forge_3": {
      "inputs": {
        "nixpkgs": [
          "cl-parser-kit",
          "nixpkgs"
        ],
        "treefmt-nix": "treefmt-nix_5"
      },
      "locked": {
        "lastModified": 1785347314,
        "narHash": "sha256-eSnOllc5L+DuP5TrPGPQUzMzfN8HA88x326EzZvo7V4=",
        "owner": "nerima-lisp",
        "repo": "cl-nix-forge",
        "rev": "53f26644d8cc40f5e677cedb00dd10ca5726d25a",
        "type": "github"
      },
      "original": {
        "owner": "nerima-lisp",
        "ref": "v0.4.0",
        "repo": "cl-nix-forge",
        "type": "github"
      }
    },
    "cl-nix-forge_4": {
      "inputs": {
        "nixpkgs": [
          "cl-parser-kit",
          "cl-prolog",
          "nixpkgs"
        ],
        "treefmt-nix": "treefmt-nix_6"
      },
      "locked": {
        "lastModified": 1785347314,
        "narHash": "sha256-eSnOllc5L+DuP5TrPGPQUzMzfN8HA88x326EzZvo7V4=",
        "owner": "nerima-lisp",
        "repo": "cl-nix-forge",
        "rev": "53f26644d8cc40f5e677cedb00dd10ca5726d25a",
        "type": "github"
      },
      "original": {
        "owner": "nerima-lisp",
        "ref": "v0.4.0",
        "repo": "cl-nix-forge",
        "type": "github"
      }
    },
    "cl-nix-forge_5": {
      "inputs": {
        "nixpkgs": [
          "cl-parser-kit",
          "cl-weave",
          "nixpkgs"
        ],
        "treefmt-nix": "treefmt-nix_7"
      },
      "locked": {
        "lastModified": 1785347314,
        "narHash": "sha256-eSnOllc5L+DuP5TrPGPQUzMzfN8HA88x326EzZvo7V4=",
        "owner": "nerima-lisp",
        "repo": "cl-nix-forge",
        "rev": "53f26644d8cc40f5e677cedb00dd10ca5726d25a",
        "type": "github"
      },
      "original": {
        "owner": "nerima-lisp",
        "ref": "v0.4.0",
        "repo": "cl-nix-forge",
        "type": "github"
      }
    },
    "cl-nix-forge_6": {
      "inputs": {
        "nixpkgs": [
          "cl-weave",
          "nixpkgs"
        ],
        "treefmt-nix": "treefmt-nix_10"
      },
      "locked": {
        "lastModified": 1785347314,
        "narHash": "sha256-eSnOllc5L+DuP5TrPGPQUzMzfN8HA88x326EzZvo7V4=",
        "owner": "nerima-lisp",
        "repo": "cl-nix-forge",
        "rev": "53f26644d8cc40f5e677cedb00dd10ca5726d25a",
        "type": "github"
      },
      "original": {
        "owner": "nerima-lisp",
        "ref": "v0.4.0",
        "repo": "cl-nix-forge",
        "type": "github"
      }
    },
    "cl-parser-kit": {
      "inputs": {
        "cl-nix-forge": "cl-nix-forge_3",
        "cl-prolog": "cl-prolog_2",
        "cl-weave": "cl-weave_2",
        "nixpkgs": [
          "nixpkgs"
        ],
        "paredit-cli": "paredit-cli_2",
        "treefmt-nix": "treefmt-nix_9"
      },
      "locked": {
        "lastModified": 1785673215,
        "narHash": "sha256-9QSykN6BXKho1t9VzUnKKCYzy1lGPdzF9RSqFcqusUU=",
        "owner": "nerima-lisp",
        "repo": "cl-parser-kit",
        "rev": "91aacf420f98af4ca68d08a54e2de6dad51e303d",
        "type": "github"
      },
      "original": {
        "owner": "nerima-lisp",
        "ref": "v1.1.0",
        "repo": "cl-parser-kit",
        "type": "github"
      }
    },
    "cl-process-kit": {
      "flake": false,
      "locked": {
        "lastModified": 1785656921,
        "narHash": "sha256-el0+udOUZE9KZPbgWN1HWTYe/6g94LKSO3oJs4jfS1Y=",
        "owner": "nerima-lisp",
        "repo": "cl-process-kit",
        "rev": "7454fc16370402f434c960f54ee161a1de7641af",
        "type": "github"
      },
      "original": {
        "owner": "nerima-lisp",
        "ref": "v3.1.0",
        "repo": "cl-process-kit",
        "type": "github"
      }
    },
    "cl-prolog": {
      "flake": false,
      "locked": {
        "lastModified": 1785656951,
        "narHash": "sha256-szDf+Sg5RDex/VC/2h9tt9TQYyxwOgPjTR4PpKB9To8=",
        "owner": "nerima-lisp",
        "repo": "cl-prolog",
        "rev": "c78f2c34792d01b653721d6b12427f98ef4235d7",
        "type": "github"
      },
      "original": {
        "owner": "nerima-lisp",
        "ref": "v1.3.0",
        "repo": "cl-prolog",
        "type": "github"
      }
    },
    "cl-prolog_2": {
      "inputs": {
        "cl-nix-forge": "cl-nix-forge_4",
        "cl-weave": [
          "cl-parser-kit",
          "cl-weave"
        ],
        "nixpkgs": [
          "cl-parser-kit",
          "nixpkgs"
        ],
        "paredit-cli": [
          "cl-parser-kit",
          "paredit-cli"
        ],
        "treefmt-nix": [
          "cl-parser-kit",
          "treefmt-nix"
        ]
      },
      "locked": {
        "lastModified": 1785656951,
        "narHash": "sha256-szDf+Sg5RDex/VC/2h9tt9TQYyxwOgPjTR4PpKB9To8=",
        "owner": "nerima-lisp",
        "repo": "cl-prolog",
        "rev": "c78f2c34792d01b653721d6b12427f98ef4235d7",
        "type": "github"
      },
      "original": {
        "owner": "nerima-lisp",
        "ref": "v1.3.0",
        "repo": "cl-prolog",
        "type": "github"
      }
    },
    "cl-weave": {
      "flake": false,
      "locked": {
        "lastModified": 1785662484,
        "narHash": "sha256-GFChZBI8RbOnov3WCTT2jw0H/kBqYK0ig6i7ltzjnyU=",
        "owner": "nerima-lisp",
        "repo": "cl-weave",
        "rev": "a8a094226480b92a3789e7e48a2af5faa2e36326",
        "type": "github"
      },
      "original": {
        "owner": "nerima-lisp",
        "ref": "v1.1.4",
        "repo": "cl-weave",
        "type": "github"
      }
    },
    "cl-weave_2": {
      "inputs": {
        "cl-nix-forge": "cl-nix-forge_5",
        "nixpkgs": [
          "cl-parser-kit",
          "nixpkgs"
        ],
        "paredit-cli": [
          "cl-parser-kit",
          "paredit-cli"
        ],
        "treefmt-nix": [
          "cl-parser-kit",
          "treefmt-nix"
        ]
      },
      "locked": {
        "lastModified": 1785662484,
        "narHash": "sha256-GFChZBI8RbOnov3WCTT2jw0H/kBqYK0ig6i7ltzjnyU=",
        "owner": "nerima-lisp",
        "repo": "cl-weave",
        "rev": "a8a094226480b92a3789e7e48a2af5faa2e36326",
        "type": "github"
      },
      "original": {
        "owner": "nerima-lisp",
        "ref": "v1.1.4",
        "repo": "cl-weave",
        "type": "github"
      }
    },
    "cl-weave_3": {
      "inputs": {
        "cl-nix-forge": "cl-nix-forge_6",
        "nixpkgs": [
          "nixpkgs"
        ],
        "paredit-cli": "paredit-cli_3",
        "treefmt-nix": "treefmt-nix_12"
      },
      "locked": {
        "lastModified": 1785673216,
        "narHash": "sha256-exuLElLZJeU23DiTeIsQgizz9UXVbviAUBgWBBfbxxc=",
        "owner": "nerima-lisp",
        "repo": "cl-weave",
        "rev": "f75eaae8d0d31840e7b6fff836e8aa254d5ced40",
        "type": "github"
      },
      "original": {
        "owner": "nerima-lisp",
        "ref": "v1.2.0",
        "repo": "cl-weave",
        "type": "github"
      }
    },
    "crane": {
      "locked": {
        "lastModified": 1784564969,
        "narHash": "sha256-TkTWNhJV/8Wk3czlbz4bwHZkFCaCHPsOy+oJe4PUiXg=",
        "owner": "ipetkov",
        "repo": "crane",
        "rev": "7930f6c291de6f83c257839d434592aa085f290a",
        "type": "github"
      },
      "original": {
        "owner": "ipetkov",
        "repo": "crane",
        "type": "github"
      }
    },
    "crane_2": {
      "locked": {
        "lastModified": 1784564969,
        "narHash": "sha256-TkTWNhJV/8Wk3czlbz4bwHZkFCaCHPsOy+oJe4PUiXg=",
        "owner": "ipetkov",
        "repo": "crane",
        "rev": "7930f6c291de6f83c257839d434592aa085f290a",
        "type": "github"
      },
      "original": {
        "owner": "ipetkov",
        "repo": "crane",
        "type": "github"
      }
    },
    "crane_3": {
      "locked": {
        "lastModified": 1784564969,
        "narHash": "sha256-TkTWNhJV/8Wk3czlbz4bwHZkFCaCHPsOy+oJe4PUiXg=",
        "owner": "ipetkov",
        "repo": "crane",
        "rev": "7930f6c291de6f83c257839d434592aa085f290a",
        "type": "github"
      },
      "original": {
        "owner": "ipetkov",
        "repo": "crane",
        "type": "github"
      }
    },
    "nixpkgs": {
      "locked": {
        "lastModified": 1785571196,
        "narHash": "sha256-KoTsyMQqnXQZq8deCEnu4QkyldkwH/bpMMhUcfMdGIw=",
        "owner": "NixOS",
        "repo": "nixpkgs",
        "rev": "148bab9c1c3c53136ecb44a6ea356a0ed5b39b06",
        "type": "github"
      },
      "original": {
        "owner": "NixOS",
        "ref": "nixos-unstable",
        "repo": "nixpkgs",
        "type": "github"
      }
    },
    "paredit-cli": {
      "inputs": {
        "crane": "crane",
        "nixpkgs": [
          "cl-cli",
          "nixpkgs"
        ],
        "rust-overlay": "rust-overlay",
        "treefmt-nix": "treefmt-nix_2"
      },
      "locked": {
        "lastModified": 1785644478,
        "narHash": "sha256-kqu9BDf8JqVe+Qo08ahOOuqpbqSto5RlQRhHoKw40d8=",
        "owner": "nerima-lisp",
        "repo": "paredit-cli",
        "rev": "9f8db23ddd496ef6773e040454832eeafc60aeea",
        "type": "github"
      },
      "original": {
        "owner": "nerima-lisp",
        "ref": "v1.4.0",
        "repo": "paredit-cli",
        "type": "github"
      }
    },
    "paredit-cli_2": {
      "inputs": {
        "crane": "crane_2",
        "nixpkgs": [
          "cl-parser-kit",
          "nixpkgs"
        ],
        "rust-overlay": "rust-overlay_2",
        "treefmt-nix": "treefmt-nix_8"
      },
      "locked": {
        "lastModified": 1785644478,
        "narHash": "sha256-kqu9BDf8JqVe+Qo08ahOOuqpbqSto5RlQRhHoKw40d8=",
        "owner": "nerima-lisp",
        "repo": "paredit-cli",
        "rev": "9f8db23ddd496ef6773e040454832eeafc60aeea",
        "type": "github"
      },
      "original": {
        "owner": "nerima-lisp",
        "ref": "v1.4.0",
        "repo": "paredit-cli",
        "type": "github"
      }
    },
    "paredit-cli_3": {
      "inputs": {
        "crane": "crane_3",
        "nixpkgs": [
          "cl-weave",
          "nixpkgs"
        ],
        "rust-overlay": "rust-overlay_3",
        "treefmt-nix": "treefmt-nix_11"
      },
      "locked": {
        "lastModified": 1785386902,
        "narHash": "sha256-UD8Nws8wpybWfqSUfuGykQHr2PldEU3ALFbHMVPQn8U=",
        "owner": "nerima-lisp",
        "repo": "paredit-cli",
        "rev": "f646e5549049e33260b5f3f02587056870656b86",
        "type": "github"
      },
      "original": {
        "owner": "nerima-lisp",
        "ref": "v1.3.0",
        "repo": "paredit-cli",
        "type": "github"
      }
    },
    "root": {
      "inputs": {
        "cl-cli": "cl-cli",
        "cl-nix-forge": "cl-nix-forge_2",
        "cl-parser-kit": "cl-parser-kit",
        "cl-weave": "cl-weave_3",
        "nixpkgs": "nixpkgs",
        "treefmt-nix": "treefmt-nix_13"
      }
    },
    "rust-overlay": {
      "inputs": {
        "nixpkgs": [
          "cl-cli",
          "paredit-cli",
          "nixpkgs"
        ]
      },
      "locked": {
        "lastModified": 1783663825,
        "narHash": "sha256-TTrNVoFdEw8j0Hn+shP1KAsimTmszTWBIIUliTaAuY0=",
        "owner": "oxalica",
        "repo": "rust-overlay",
        "rev": "072adf9b18936c1062c48123a9b77891d5968f2c",
        "type": "github"
      },
      "original": {
        "owner": "oxalica",
        "repo": "rust-overlay",
        "type": "github"
      }
    },
    "rust-overlay_2": {
      "inputs": {
        "nixpkgs": [
          "cl-parser-kit",
          "paredit-cli",
          "nixpkgs"
        ]
      },
      "locked": {
        "lastModified": 1783663825,
        "narHash": "sha256-TTrNVoFdEw8j0Hn+shP1KAsimTmszTWBIIUliTaAuY0=",
        "owner": "oxalica",
        "repo": "rust-overlay",
        "rev": "072adf9b18936c1062c48123a9b77891d5968f2c",
        "type": "github"
      },
      "original": {
        "owner": "oxalica",
        "repo": "rust-overlay",
        "type": "github"
      }
    },
    "rust-overlay_3": {
      "inputs": {
        "nixpkgs": [
          "cl-weave",
          "paredit-cli",
          "nixpkgs"
        ]
      },
      "locked": {
        "lastModified": 1783663825,
        "narHash": "sha256-TTrNVoFdEw8j0Hn+shP1KAsimTmszTWBIIUliTaAuY0=",
        "owner": "oxalica",
        "repo": "rust-overlay",
        "rev": "072adf9b18936c1062c48123a9b77891d5968f2c",
        "type": "github"
      },
      "original": {
        "owner": "oxalica",
        "repo": "rust-overlay",
        "type": "github"
      }
    },
    "treefmt-nix": {
      "inputs": {
        "nixpkgs": [
          "cl-cli",
          "cl-nix-forge",
          "nixpkgs"
        ]
      },
      "locked": {
        "lastModified": 1784369104,
        "narHash": "sha256-47cxbcZODibHv3rELFQ9vZly0vUNkND/atn/U7HLeb0=",
        "owner": "numtide",
        "repo": "treefmt-nix",
        "rev": "df3c0640565d04a0261253cdd89fce78ec50168a",
        "type": "github"
      },
      "original": {
        "owner": "numtide",
        "repo": "treefmt-nix",
        "type": "github"
      }
    },
    "treefmt-nix_10": {
      "inputs": {
        "nixpkgs": [
          "cl-weave",
          "cl-nix-forge",
          "nixpkgs"
        ]
      },
      "locked": {
        "lastModified": 1784369104,
        "narHash": "sha256-47cxbcZODibHv3rELFQ9vZly0vUNkND/atn/U7HLeb0=",
        "owner": "numtide",
        "repo": "treefmt-nix",
        "rev": "df3c0640565d04a0261253cdd89fce78ec50168a",
        "type": "github"
      },
      "original": {
        "owner": "numtide",
        "repo": "treefmt-nix",
        "type": "github"
      }
    },
    "treefmt-nix_11": {
      "inputs": {
        "nixpkgs": [
          "cl-weave",
          "paredit-cli",
          "nixpkgs"
        ]
      },
      "locked": {
        "lastModified": 1780220602,
        "narHash": "sha256-eynAfOmbmxJnkp7YewvCEbShNnnYJ9gLLqkzsYtBPeM=",
        "owner": "numtide",
        "repo": "treefmt-nix",
        "rev": "db947814a175b7ca6ded66e21383d938df01c227",
        "type": "github"
      },
      "original": {
        "owner": "numtide",
        "repo": "treefmt-nix",
        "type": "github"
      }
    },
    "treefmt-nix_12": {
      "inputs": {
        "nixpkgs": [
          "cl-weave",
          "nixpkgs"
        ]
      },
      "locked": {
        "lastModified": 1785360170,
        "narHash": "sha256-XE1lKgQ3eIO3E7zWryqcRsax+mYXod/5RHBn4YaR9YE=",
        "owner": "numtide",
        "repo": "treefmt-nix",
        "rev": "d1187f8bc71fb8aab02395869ec3f5c1920f75c0",
        "type": "github"
      },
      "original": {
        "owner": "numtide",
        "repo": "treefmt-nix",
        "type": "github"
      }
    },
    "treefmt-nix_13": {
      "inputs": {
        "nixpkgs": [
          "nixpkgs"
        ]
      },
      "locked": {
        "lastModified": 1785360170,
        "narHash": "sha256-XE1lKgQ3eIO3E7zWryqcRsax+mYXod/5RHBn4YaR9YE=",
        "owner": "numtide",
        "repo": "treefmt-nix",
        "rev": "d1187f8bc71fb8aab02395869ec3f5c1920f75c0",
        "type": "github"
      },
      "original": {
        "owner": "numtide",
        "repo": "treefmt-nix",
        "type": "github"
      }
    },
    "treefmt-nix_2": {
      "inputs": {
        "nixpkgs": [
          "cl-cli",
          "paredit-cli",
          "nixpkgs"
        ]
      },
      "locked": {
        "lastModified": 1780220602,
        "narHash": "sha256-eynAfOmbmxJnkp7YewvCEbShNnnYJ9gLLqkzsYtBPeM=",
        "owner": "numtide",
        "repo": "treefmt-nix",
        "rev": "db947814a175b7ca6ded66e21383d938df01c227",
        "type": "github"
      },
      "original": {
        "owner": "numtide",
        "repo": "treefmt-nix",
        "type": "github"
      }
    },
    "treefmt-nix_3": {
      "inputs": {
        "nixpkgs": [
          "cl-cli",
          "nixpkgs"
        ]
      },
      "locked": {
        "lastModified": 1785360170,
        "narHash": "sha256-XE1lKgQ3eIO3E7zWryqcRsax+mYXod/5RHBn4YaR9YE=",
        "owner": "numtide",
        "repo": "treefmt-nix",
        "rev": "d1187f8bc71fb8aab02395869ec3f5c1920f75c0",
        "type": "github"
      },
      "original": {
        "owner": "numtide",
        "repo": "treefmt-nix",
        "type": "github"
      }
    },
    "treefmt-nix_4": {
      "inputs": {
        "nixpkgs": [
          "cl-nix-forge",
          "nixpkgs"
        ]
      },
      "locked": {
        "lastModified": 1784369104,
        "narHash": "sha256-47cxbcZODibHv3rELFQ9vZly0vUNkND/atn/U7HLeb0=",
        "owner": "numtide",
        "repo": "treefmt-nix",
        "rev": "df3c0640565d04a0261253cdd89fce78ec50168a",
        "type": "github"
      },
      "original": {
        "owner": "numtide",
        "repo": "treefmt-nix",
        "type": "github"
      }
    },
    "treefmt-nix_5": {
      "inputs": {
        "nixpkgs": [
          "cl-parser-kit",
          "cl-nix-forge",
          "nixpkgs"
        ]
      },
      "locked": {
        "lastModified": 1784369104,
        "narHash": "sha256-47cxbcZODibHv3rELFQ9vZly0vUNkND/atn/U7HLeb0=",
        "owner": "numtide",
        "repo": "treefmt-nix",
        "rev": "df3c0640565d04a0261253cdd89fce78ec50168a",
        "type": "github"
      },
      "original": {
        "owner": "numtide",
        "repo": "treefmt-nix",
        "type": "github"
      }
    },
    "treefmt-nix_6": {
      "inputs": {
        "nixpkgs": [
          "cl-parser-kit",
          "cl-prolog",
          "cl-nix-forge",
          "nixpkgs"
        ]
      },
      "locked": {
        "lastModified": 1784369104,
        "narHash": "sha256-47cxbcZODibHv3rELFQ9vZly0vUNkND/atn/U7HLeb0=",
        "owner": "numtide",
        "repo": "treefmt-nix",
        "rev": "df3c0640565d04a0261253cdd89fce78ec50168a",
        "type": "github"
      },
      "original": {
        "owner": "numtide",
        "repo": "treefmt-nix",
        "type": "github"
      }
    },
    "treefmt-nix_7": {
      "inputs": {
        "nixpkgs": [
          "cl-parser-kit",
          "cl-weave",
          "cl-nix-forge",
          "nixpkgs"
        ]
      },
      "locked": {
        "lastModified": 1784369104,
        "narHash": "sha256-47cxbcZODibHv3rELFQ9vZly0vUNkND/atn/U7HLeb0=",
        "owner": "numtide",
        "repo": "treefmt-nix",
        "rev": "df3c0640565d04a0261253cdd89fce78ec50168a",
        "type": "github"
      },
      "original": {
        "owner": "numtide",
        "repo": "treefmt-nix",
        "type": "github"
      }
    },
    "treefmt-nix_8": {
      "inputs": {
        "nixpkgs": [
          "cl-parser-kit",
          "paredit-cli",
          "nixpkgs"
        ]
      },
      "locked": {
        "lastModified": 1780220602,
        "narHash": "sha256-eynAfOmbmxJnkp7YewvCEbShNnnYJ9gLLqkzsYtBPeM=",
        "owner": "numtide",
        "repo": "treefmt-nix",
        "rev": "db947814a175b7ca6ded66e21383d938df01c227",
        "type": "github"
      },
      "original": {
        "owner": "numtide",
        "repo": "treefmt-nix",
        "type": "github"
      }
    },
    "treefmt-nix_9": {
      "inputs": {
        "nixpkgs": [
          "cl-parser-kit",
          "nixpkgs"
        ]
      },
      "locked": {
        "lastModified": 1785360170,
        "narHash": "sha256-XE1lKgQ3eIO3E7zWryqcRsax+mYXod/5RHBn4YaR9YE=",
        "owner": "numtide",
        "repo": "treefmt-nix",
        "rev": "d1187f8bc71fb8aab02395869ec3f5c1920f75c0",
        "type": "github"
      },
      "original": {
        "owner": "numtide",
        "repo": "treefmt-nix",
        "type": "github"
      }
    }
  },
  "root": "root",
  "version": 7
}
